// !$*UTF8*$!
{
	archiveVersion = 1;
	classes = {
	};
	objectVersion = 56;
	objects = {

/* Begin PBXBuildFile section */
		53036D672AC898B1007FDF6D /* WidgetKit.framework in Frameworks */ = {isa = PBXBuildFile; fileRef = 53F00B3A2AC727D7009034EC /* WidgetKit.framework */; };
		53036D682AC898B1007FDF6D /* SwiftUI.framework in Frameworks */ = {isa = PBXBuildFile; fileRef = 53F00B3C2AC727D7009034EC /* SwiftUI.framework */; };
		53036D6B2AC898B1007FDF6D /* SessionStatusBundle.swift in Sources */ = {isa = PBXBuildFile; fileRef = 53036D6A2AC898B1007FDF6D /* SessionStatusBundle.swift */; };
		53036D6D2AC898B1007FDF6D /* SessionStatusLiveActivity.swift in Sources */ = {isa = PBXBuildFile; fileRef = 53036D6C2AC898B1007FDF6D /* SessionStatusLiveActivity.swift */; };
		53036D6F2AC898B1007FDF6D /* SessionStatus.swift in Sources */ = {isa = PBXBuildFile; fileRef = 53036D6E2AC898B1007FDF6D /* SessionStatus.swift */; };
		53036D712AC898B1007FDF6D /* AppIntent.swift in Sources */ = {isa = PBXBuildFile; fileRef = 53036D702AC898B1007FDF6D /* AppIntent.swift */; };
		53036D732AC898B2007FDF6D /* Assets.xcassets in Resources */ = {isa = PBXBuildFile; fileRef = 53036D722AC898B2007FDF6D /* Assets.xcassets */; };
		53036D772AC898B2007FDF6D /* SessionStatusExtension.appex in Embed Foundation Extensions */ = {isa = PBXBuildFile; fileRef = 53036D662AC898B1007FDF6D /* SessionStatusExtension.appex */; settings = {ATTRIBUTES = (RemoveHeadersOnCopy, ); }; };
		5364EF792AC219A1009A8667 /* SportTimerApp.swift in Sources */ = {isa = PBXBuildFile; fileRef = 5364EF782AC219A1009A8667 /* SportTimerApp.swift */; };
		5364EF7B2AC219A1009A8667 /* ContentView.swift in Sources */ = {isa = PBXBuildFile; fileRef = 5364EF7A2AC219A1009A8667 /* ContentView.swift */; };
		5364EF7D2AC219A1009A8667 /* Item.swift in Sources */ = {isa = PBXBuildFile; fileRef = 5364EF7C2AC219A1009A8667 /* Item.swift */; };
		5364EF7F2AC219A4009A8667 /* Assets.xcassets in Resources */ = {isa = PBXBuildFile; fileRef = 5364EF7E2AC219A4009A8667 /* Assets.xcassets */; };
		5364EF832AC219A4009A8667 /* Preview Assets.xcassets in Resources */ = {isa = PBXBuildFile; fileRef = 5364EF822AC219A4009A8667 /* Preview Assets.xcassets */; };
		5364EF8E2AC219A4009A8667 /* SportTimerTests.swift in Sources */ = {isa = PBXBuildFile; fileRef = 5364EF8D2AC219A4009A8667 /* SportTimerTests.swift */; };
		5364EF982AC219A4009A8667 /* SportTimerUITests.swift in Sources */ = {isa = PBXBuildFile; fileRef = 5364EF972AC219A4009A8667 /* SportTimerUITests.swift */; };
		5364EF9A2AC219A4009A8667 /* SportTimerUITestsLaunchTests.swift in Sources */ = {isa = PBXBuildFile; fileRef = 5364EF992AC219A4009A8667 /* SportTimerUITestsLaunchTests.swift */; };
		539E9F392AC75359003CE2D1 /* StepModeModel.swift in Sources */ = {isa = PBXBuildFile; fileRef = 539E9F382AC75359003CE2D1 /* StepModeModel.swift */; };
		539E9F3D2AC75477003CE2D1 /* SessionView.swift in Sources */ = {isa = PBXBuildFile; fileRef = 539E9F3C2AC75477003CE2D1 /* SessionView.swift */; };
		539E9F3F2AC7548D003CE2D1 /* SessionViewModel.swift in Sources */ = {isa = PBXBuildFile; fileRef = 539E9F3E2AC7548D003CE2D1 /* SessionViewModel.swift */; };
		539E9F422AC775F6003CE2D1 /* ending.wav in Resources */ = {isa = PBXBuildFile; fileRef = 539E9F412AC775F6003CE2D1 /* ending.wav */; };
		539E9F442AC7764A003CE2D1 /* whistle.wav in Resources */ = {isa = PBXBuildFile; fileRef = 539E9F432AC7764A003CE2D1 /* whistle.wav */; };
		539E9F472AC77FAD003CE2D1 /* SoundManager.swift in Sources */ = {isa = PBXBuildFile; fileRef = 539E9F462AC77FAD003CE2D1 /* SoundManager.swift */; };
		539E9F4A2AC78065003CE2D1 /* Color.swift in Sources */ = {isa = PBXBuildFile; fileRef = 539E9F492AC78065003CE2D1 /* Color.swift */; };
		53B0585C2AC8946900098D50 /* SessionStatusAttributes.swift in Sources */ = {isa = PBXBuildFile; fileRef = 53B0585B2AC8946900098D50 /* SessionStatusAttributes.swift */; };
		53DC5D882AC82E2A0022A6D6 /* SessionsListView.swift in Sources */ = {isa = PBXBuildFile; fileRef = 53DC5D872AC82E2A0022A6D6 /* SessionsListView.swift */; };
		53DC623E2AC811A80001AB45 /* WorkTogether.swift in Sources */ = {isa = PBXBuildFile; fileRef = 53DC623D2AC811A80001AB45 /* WorkTogether.swift */; };
		53DC62402AC822970001AB45 /* TabNavigation.swift in Sources */ = {isa = PBXBuildFile; fileRef = 53DC623F2AC822970001AB45 /* TabNavigation.swift */; };
/* End PBXBuildFile section */

/* Begin PBXContainerItemProxy section */
		53036D752AC898B2007FDF6D /* PBXContainerItemProxy */ = {
			isa = PBXContainerItemProxy;
			containerPortal = 5364EF6D2AC219A1009A8667 /* Project object */;
			proxyType = 1;
			remoteGlobalIDString = 53036D652AC898B1007FDF6D;
			remoteInfo = SessionStatusExtension;
		};
		5364EF8A2AC219A4009A8667 /* PBXContainerItemProxy */ = {
			isa = PBXContainerItemProxy;
			containerPortal = 5364EF6D2AC219A1009A8667 /* Project object */;
			proxyType = 1;
			remoteGlobalIDString = 5364EF742AC219A1009A8667;
			remoteInfo = SportTimer;
		};
		5364EF942AC219A4009A8667 /* PBXContainerItemProxy */ = {
			isa = PBXContainerItemProxy;
			containerPortal = 5364EF6D2AC219A1009A8667 /* Project object */;
			proxyType = 1;
			remoteGlobalIDString = 5364EF742AC219A1009A8667;
			remoteInfo = SportTimer;
		};
/* End PBXContainerItemProxy section */

/* Begin PBXCopyFilesBuildPhase section */
		53F00B4D2AC727D9009034EC /* Embed Foundation Extensions */ = {
			isa = PBXCopyFilesBuildPhase;
			buildActionMask = 2147483647;
			dstPath = "";
			dstSubfolderSpec = 13;
			files = (
				53036D772AC898B2007FDF6D /* SessionStatusExtension.appex in Embed Foundation Extensions */,
			);
			name = "Embed Foundation Extensions";
			runOnlyForDeploymentPostprocessing = 0;
		};
/* End PBXCopyFilesBuildPhase section */

/* Begin PBXFileReference section */
		53036D662AC898B1007FDF6D /* SessionStatusExtension.appex */ = {isa = PBXFileReference; explicitFileType = "wrapper.app-extension"; includeInIndex = 0; path = SessionStatusExtension.appex; sourceTree = BUILT_PRODUCTS_DIR; };
		53036D6A2AC898B1007FDF6D /* SessionStatusBundle.swift */ = {isa = PBXFileReference; lastKnownFileType = sourcecode.swift; path = SessionStatusBundle.swift; sourceTree = "<group>"; };
		53036D6C2AC898B1007FDF6D /* SessionStatusLiveActivity.swift */ = {isa = PBXFileReference; lastKnownFileType = sourcecode.swift; path = SessionStatusLiveActivity.swift; sourceTree = "<group>"; };
		53036D6E2AC898B1007FDF6D /* SessionStatus.swift */ = {isa = PBXFileReference; lastKnownFileType = sourcecode.swift; path = SessionStatus.swift; sourceTree = "<group>"; };
		53036D702AC898B1007FDF6D /* AppIntent.swift */ = {isa = PBXFileReference; lastKnownFileType = sourcecode.swift; path = AppIntent.swift; sourceTree = "<group>"; };
		53036D722AC898B2007FDF6D /* Assets.xcassets */ = {isa = PBXFileReference; lastKnownFileType = folder.assetcatalog; path = Assets.xcassets; sourceTree = "<group>"; };
		53036D742AC898B2007FDF6D /* Info.plist */ = {isa = PBXFileReference; lastKnownFileType = text.plist.xml; path = Info.plist; sourceTree = "<group>"; };
		5364EF752AC219A1009A8667 /* SportTimer.app */ = {isa = PBXFileReference; explicitFileType = wrapper.application; includeInIndex = 0; path = SportTimer.app; sourceTree = BUILT_PRODUCTS_DIR; };
		5364EF782AC219A1009A8667 /* SportTimerApp.swift */ = {isa = PBXFileReference; lastKnownFileType = sourcecode.swift; path = SportTimerApp.swift; sourceTree = "<group>"; };
		5364EF7A2AC219A1009A8667 /* ContentView.swift */ = {isa = PBXFileReference; lastKnownFileType = sourcecode.swift; path = ContentView.swift; sourceTree = "<group>"; };
		5364EF7C2AC219A1009A8667 /* Item.swift */ = {isa = PBXFileReference; lastKnownFileType = sourcecode.swift; path = Item.swift; sourceTree = "<group>"; };
		5364EF7E2AC219A4009A8667 /* Assets.xcassets */ = {isa = PBXFileReference; lastKnownFileType = folder.assetcatalog; path = Assets.xcassets; sourceTree = "<group>"; };
		5364EF802AC219A4009A8667 /* SportTimer.entitlements */ = {isa = PBXFileReference; lastKnownFileType = text.plist.entitlements; path = SportTimer.entitlements; sourceTree = "<group>"; };
		5364EF822AC219A4009A8667 /* Preview Assets.xcassets */ = {isa = PBXFileReference; lastKnownFileType = folder.assetcatalog; path = "Preview Assets.xcassets"; sourceTree = "<group>"; };
		5364EF842AC219A4009A8667 /* Info.plist */ = {isa = PBXFileReference; lastKnownFileType = text.plist.xml; path = Info.plist; sourceTree = "<group>"; };
		5364EF892AC219A4009A8667 /* SportTimerTests.xctest */ = {isa = PBXFileReference; explicitFileType = wrapper.cfbundle; includeInIndex = 0; path = SportTimerTests.xctest; sourceTree = BUILT_PRODUCTS_DIR; };
		5364EF8D2AC219A4009A8667 /* SportTimerTests.swift */ = {isa = PBXFileReference; lastKnownFileType = sourcecode.swift; path = SportTimerTests.swift; sourceTree = "<group>"; };
		5364EF932AC219A4009A8667 /* SportTimerUITests.xctest */ = {isa = PBXFileReference; explicitFileType = wrapper.cfbundle; includeInIndex = 0; path = SportTimerUITests.xctest; sourceTree = BUILT_PRODUCTS_DIR; };
		5364EF972AC219A4009A8667 /* SportTimerUITests.swift */ = {isa = PBXFileReference; lastKnownFileType = sourcecode.swift; path = SportTimerUITests.swift; sourceTree = "<group>"; };
		5364EF992AC219A4009A8667 /* SportTimerUITestsLaunchTests.swift */ = {isa = PBXFileReference; lastKnownFileType = sourcecode.swift; path = SportTimerUITestsLaunchTests.swift; sourceTree = "<group>"; };
		539E9F382AC75359003CE2D1 /* StepModeModel.swift */ = {isa = PBXFileReference; lastKnownFileType = sourcecode.swift; path = StepModeModel.swift; sourceTree = "<group>"; };
		539E9F3C2AC75477003CE2D1 /* SessionView.swift */ = {isa = PBXFileReference; lastKnownFileType = sourcecode.swift; path = SessionView.swift; sourceTree = "<group>"; };
		539E9F3E2AC7548D003CE2D1 /* SessionViewModel.swift */ = {isa = PBXFileReference; lastKnownFileType = sourcecode.swift; path = SessionViewModel.swift; sourceTree = "<group>"; };
		539E9F412AC775F6003CE2D1 /* ending.wav */ = {isa = PBXFileReference; lastKnownFileType = audio.wav; path = ending.wav; sourceTree = "<group>"; };
		539E9F432AC7764A003CE2D1 /* whistle.wav */ = {isa = PBXFileReference; lastKnownFileType = audio.wav; path = whistle.wav; sourceTree = "<group>"; };
		539E9F462AC77FAD003CE2D1 /* SoundManager.swift */ = {isa = PBXFileReference; lastKnownFileType = sourcecode.swift; path = SoundManager.swift; sourceTree = "<group>"; };
		539E9F492AC78065003CE2D1 /* Color.swift */ = {isa = PBXFileReference; lastKnownFileType = sourcecode.swift; path = Color.swift; sourceTree = "<group>"; };
		53B0585B2AC8946900098D50 /* SessionStatusAttributes.swift */ = {isa = PBXFileReference; lastKnownFileType = sourcecode.swift; name = SessionStatusAttributes.swift; path = SportTimer/SessionStatusAttributes.swift; sourceTree = SOURCE_ROOT; };
		53DC5D872AC82E2A0022A6D6 /* SessionsListView.swift */ = {isa = PBXFileReference; lastKnownFileType = sourcecode.swift; path = SessionsListView.swift; sourceTree = "<group>"; };
		53DC623D2AC811A80001AB45 /* WorkTogether.swift */ = {isa = PBXFileReference; lastKnownFileType = sourcecode.swift; path = WorkTogether.swift; sourceTree = "<group>"; };
		53DC623F2AC822970001AB45 /* TabNavigation.swift */ = {isa = PBXFileReference; lastKnownFileType = sourcecode.swift; path = TabNavigation.swift; sourceTree = "<group>"; };
		53F00B3A2AC727D7009034EC /* WidgetKit.framework */ = {isa = PBXFileReference; lastKnownFileType = wrapper.framework; name = WidgetKit.framework; path = System/Library/Frameworks/WidgetKit.framework; sourceTree = SDKROOT; };
		53F00B3C2AC727D7009034EC /* SwiftUI.framework */ = {isa = PBXFileReference; lastKnownFileType = wrapper.framework; name = SwiftUI.framework; path = System/Library/Frameworks/SwiftUI.framework; sourceTree = SDKROOT; };
/* End PBXFileReference section */

/* Begin PBXFrameworksBuildPhase section */
		53036D632AC898B1007FDF6D /* Frameworks */ = {
			isa = PBXFrameworksBuildPhase;
			buildActionMask = 2147483647;
			files = (
				53036D682AC898B1007FDF6D /* SwiftUI.framework in Frameworks */,
				53036D672AC898B1007FDF6D /* WidgetKit.framework in Frameworks */,
			);
			runOnlyForDeploymentPostprocessing = 0;
		};
		5364EF722AC219A1009A8667 /* Frameworks */ = {
			isa = PBXFrameworksBuildPhase;
			buildActionMask = 2147483647;
			files = (
			);
			runOnlyForDeploymentPostprocessing = 0;
		};
		5364EF862AC219A4009A8667 /* Frameworks */ = {
			isa = PBXFrameworksBuildPhase;
			buildActionMask = 2147483647;
			files = (
			);
			runOnlyForDeploymentPostprocessing = 0;
		};
		5364EF902AC219A4009A8667 /* Frameworks */ = {
			isa = PBXFrameworksBuildPhase;
			buildActionMask = 2147483647;
			files = (
			);
			runOnlyForDeploymentPostprocessing = 0;
		};
/* End PBXFrameworksBuildPhase section */

/* Begin PBXGroup section */
		53036D692AC898B1007FDF6D /* SessionStatus */ = {
			isa = PBXGroup;
			children = (
				53036D6A2AC898B1007FDF6D /* SessionStatusBundle.swift */,
				53036D6C2AC898B1007FDF6D /* SessionStatusLiveActivity.swift */,
				53036D6E2AC898B1007FDF6D /* SessionStatus.swift */,
				53036D702AC898B1007FDF6D /* AppIntent.swift */,
				53036D722AC898B2007FDF6D /* Assets.xcassets */,
				53036D742AC898B2007FDF6D /* Info.plist */,
			);
			path = SessionStatus;
			sourceTree = "<group>";
		};
		5364EF6C2AC219A1009A8667 = {
			isa = PBXGroup;
			children = (
				5364EF772AC219A1009A8667 /* SportTimer */,
				5364EF8C2AC219A4009A8667 /* SportTimerTests */,
				5364EF962AC219A4009A8667 /* SportTimerUITests */,
				53036D692AC898B1007FDF6D /* SessionStatus */,
				53F00B392AC727D7009034EC /* Frameworks */,
				5364EF762AC219A1009A8667 /* Products */,
			);
			sourceTree = "<group>";
		};
		5364EF762AC219A1009A8667 /* Products */ = {
			isa = PBXGroup;
			children = (
				5364EF752AC219A1009A8667 /* SportTimer.app */,
				5364EF892AC219A4009A8667 /* SportTimerTests.xctest */,
				5364EF932AC219A4009A8667 /* SportTimerUITests.xctest */,
				53036D662AC898B1007FDF6D /* SessionStatusExtension.appex */,
			);
			name = Products;
			sourceTree = "<group>";
		};
		5364EF772AC219A1009A8667 /* SportTimer */ = {
			isa = PBXGroup;
			children = (
				5364EF782AC219A1009A8667 /* SportTimerApp.swift */,
				53B0585B2AC8946900098D50 /* SessionStatusAttributes.swift */,
				539E9F452AC77F6B003CE2D1 /* Utilities */,
				539E9F482AC78033003CE2D1 /* Extensions */,
				539E9F352AC7507A003CE2D1 /* Models */,
				539E9F362AC751D4003CE2D1 /* Core */,
				5364EF7A2AC219A1009A8667 /* ContentView.swift */,
				5364EF7C2AC219A1009A8667 /* Item.swift */,
				5364EF7E2AC219A4009A8667 /* Assets.xcassets */,
				539E9F402AC775AF003CE2D1 /* Sounds */,
				5364EF802AC219A4009A8667 /* SportTimer.entitlements */,
				5364EF842AC219A4009A8667 /* Info.plist */,
				5364EF812AC219A4009A8667 /* Preview Content */,
			);
			path = SportTimer;
			sourceTree = "<group>";
		};
		5364EF812AC219A4009A8667 /* Preview Content */ = {
			isa = PBXGroup;
			children = (
				5364EF822AC219A4009A8667 /* Preview Assets.xcassets */,
			);
			path = "Preview Content";
			sourceTree = "<group>";
		};
		5364EF8C2AC219A4009A8667 /* SportTimerTests */ = {
			isa = PBXGroup;
			children = (
				5364EF8D2AC219A4009A8667 /* SportTimerTests.swift */,
			);
			path = SportTimerTests;
			sourceTree = "<group>";
		};
		5364EF962AC219A4009A8667 /* SportTimerUITests */ = {
			isa = PBXGroup;
			children = (
				5364EF972AC219A4009A8667 /* SportTimerUITests.swift */,
				5364EF992AC219A4009A8667 /* SportTimerUITestsLaunchTests.swift */,
			);
			path = SportTimerUITests;
			sourceTree = "<group>";
		};
		539E9F342AC7506D003CE2D1 /* Components */ = {
			isa = PBXGroup;
			children = (
			);
			path = Components;
			sourceTree = "<group>";
		};
		539E9F352AC7507A003CE2D1 /* Models */ = {
			isa = PBXGroup;
			children = (
				539E9F382AC75359003CE2D1 /* StepModeModel.swift */,
				53DC623D2AC811A80001AB45 /* WorkTogether.swift */,
			);
			path = Models;
			sourceTree = "<group>";
		};
		539E9F362AC751D4003CE2D1 /* Core */ = {
			isa = PBXGroup;
			children = (
				539E9F342AC7506D003CE2D1 /* Components */,
				539E9F372AC75218003CE2D1 /* Session */,
				53DC62422AC82C390001AB45 /* SessionsList */,
				53DC62412AC822A00001AB45 /* TabNavigation */,
			);
			path = Core;
			sourceTree = "<group>";
		};
		539E9F372AC75218003CE2D1 /* Session */ = {
			isa = PBXGroup;
			children = (
				539E9F3B2AC7543B003CE2D1 /* ViewModels */,
				539E9F3A2AC75431003CE2D1 /* Views */,
			);
			path = Session;
			sourceTree = "<group>";
		};
		539E9F3A2AC75431003CE2D1 /* Views */ = {
			isa = PBXGroup;
			children = (
				539E9F3C2AC75477003CE2D1 /* SessionView.swift */,
			);
			path = Views;
			sourceTree = "<group>";
		};
		539E9F3B2AC7543B003CE2D1 /* ViewModels */ = {
			isa = PBXGroup;
			children = (
				539E9F3E2AC7548D003CE2D1 /* SessionViewModel.swift */,
			);
			path = ViewModels;
			sourceTree = "<group>";
		};
		539E9F402AC775AF003CE2D1 /* Sounds */ = {
			isa = PBXGroup;
			children = (
				539E9F432AC7764A003CE2D1 /* whistle.wav */,
				539E9F412AC775F6003CE2D1 /* ending.wav */,
			);
			path = Sounds;
			sourceTree = "<group>";
		};
		539E9F452AC77F6B003CE2D1 /* Utilities */ = {
			isa = PBXGroup;
			children = (
				539E9F462AC77FAD003CE2D1 /* SoundManager.swift */,
			);
			path = Utilities;
			sourceTree = "<group>";
		};
		539E9F482AC78033003CE2D1 /* Extensions */ = {
			isa = PBXGroup;
			children = (
				539E9F492AC78065003CE2D1 /* Color.swift */,
			);
			path = Extensions;
			sourceTree = "<group>";
		};
		53DC62412AC822A00001AB45 /* TabNavigation */ = {
			isa = PBXGroup;
			children = (
				53DC623F2AC822970001AB45 /* TabNavigation.swift */,
			);
			path = TabNavigation;
			sourceTree = "<group>";
		};
		53DC62422AC82C390001AB45 /* SessionsList */ = {
			isa = PBXGroup;
			children = (
				53DC62442AC82D260001AB45 /* ViewModels */,
				53DC62432AC82D120001AB45 /* Views */,
			);
			path = SessionsList;
			sourceTree = "<group>";
		};
		53DC62432AC82D120001AB45 /* Views */ = {
			isa = PBXGroup;
			children = (
				53DC5D872AC82E2A0022A6D6 /* SessionsListView.swift */,
			);
			path = Views;
			sourceTree = "<group>";
		};
		53DC62442AC82D260001AB45 /* ViewModels */ = {
			isa = PBXGroup;
			children = (
			);
			path = ViewModels;
			sourceTree = "<group>";
		};
		53F00B392AC727D7009034EC /* Frameworks */ = {
			isa = PBXGroup;
			children = (
				53F00B3A2AC727D7009034EC /* WidgetKit.framework */,
				53F00B3C2AC727D7009034EC /* SwiftUI.framework */,
			);
			name = Frameworks;
			sourceTree = "<group>";
		};
/* End PBXGroup section */

/* Begin PBXNativeTarget section */
		53036D652AC898B1007FDF6D /* SessionStatusExtension */ = {
			isa = PBXNativeTarget;
			buildConfigurationList = 53036D782AC898B2007FDF6D /* Build configuration list for PBXNativeTarget "SessionStatusExtension" */;
			buildPhases = (
				53036D622AC898B1007FDF6D /* Sources */,
				53036D632AC898B1007FDF6D /* Frameworks */,
				53036D642AC898B1007FDF6D /* Resources */,
			);
			buildRules = (
			);
			dependencies = (
			);
			name = SessionStatusExtension;
			productName = SessionStatusExtension;
			productReference = 53036D662AC898B1007FDF6D /* SessionStatusExtension.appex */;
			productType = "com.apple.product-type.app-extension";
		};
		5364EF742AC219A1009A8667 /* SportTimer */ = {
			isa = PBXNativeTarget;
			buildConfigurationList = 5364EF9D2AC219A4009A8667 /* Build configuration list for PBXNativeTarget "SportTimer" */;
			buildPhases = (
				5364EF712AC219A1009A8667 /* Sources */,
				5364EF722AC219A1009A8667 /* Frameworks */,
				5364EF732AC219A1009A8667 /* Resources */,
				53F00B4D2AC727D9009034EC /* Embed Foundation Extensions */,
			);
			buildRules = (
			);
			dependencies = (
				53036D762AC898B2007FDF6D /* PBXTargetDependency */,
			);
			name = SportTimer;
			productName = SportTimer;
			productReference = 5364EF752AC219A1009A8667 /* SportTimer.app */;
			productType = "com.apple.product-type.application";
		};
		5364EF882AC219A4009A8667 /* SportTimerTests */ = {
			isa = PBXNativeTarget;
			buildConfigurationList = 5364EFA02AC219A4009A8667 /* Build configuration list for PBXNativeTarget "SportTimerTests" */;
			buildPhases = (
				5364EF852AC219A4009A8667 /* Sources */,
				5364EF862AC219A4009A8667 /* Frameworks */,
				5364EF872AC219A4009A8667 /* Resources */,
			);
			buildRules = (
			);
			dependencies = (
				5364EF8B2AC219A4009A8667 /* PBXTargetDependency */,
			);
			name = SportTimerTests;
			productName = SportTimerTests;
			productReference = 5364EF892AC219A4009A8667 /* SportTimerTests.xctest */;
			productType = "com.apple.product-type.bundle.unit-test";
		};
		5364EF922AC219A4009A8667 /* SportTimerUITests */ = {
			isa = PBXNativeTarget;
			buildConfigurationList = 5364EFA32AC219A4009A8667 /* Build configuration list for PBXNativeTarget "SportTimerUITests" */;
			buildPhases = (
				5364EF8F2AC219A4009A8667 /* Sources */,
				5364EF902AC219A4009A8667 /* Frameworks */,
				5364EF912AC219A4009A8667 /* Resources */,
			);
			buildRules = (
			);
			dependencies = (
				5364EF952AC219A4009A8667 /* PBXTargetDependency */,
			);
			name = SportTimerUITests;
			productName = SportTimerUITests;
			productReference = 5364EF932AC219A4009A8667 /* SportTimerUITests.xctest */;
			productType = "com.apple.product-type.bundle.ui-testing";
		};
/* End PBXNativeTarget section */

/* Begin PBXProject section */
		5364EF6D2AC219A1009A8667 /* Project object */ = {
			isa = PBXProject;
			attributes = {
				BuildIndependentTargetsInParallel = 1;
				LastSwiftUpdateCheck = 1500;
				LastUpgradeCheck = 1500;
				TargetAttributes = {
					53036D652AC898B1007FDF6D = {
						CreatedOnToolsVersion = 15.0;
					};
					5364EF742AC219A1009A8667 = {
						CreatedOnToolsVersion = 15.0;
					};
					5364EF882AC219A4009A8667 = {
						CreatedOnToolsVersion = 15.0;
						TestTargetID = 5364EF742AC219A1009A8667;
					};
					5364EF922AC219A4009A8667 = {
						CreatedOnToolsVersion = 15.0;
						TestTargetID = 5364EF742AC219A1009A8667;
					};
				};
			};
			buildConfigurationList = 5364EF702AC219A1009A8667 /* Build configuration list for PBXProject "SportTimer" */;
			compatibilityVersion = "Xcode 14.0";
			developmentRegion = en;
			hasScannedForEncodings = 0;
			knownRegions = (
				en,
				Base,
			);
			mainGroup = 5364EF6C2AC219A1009A8667;
			productRefGroup = 5364EF762AC219A1009A8667 /* Products */;
			projectDirPath = "";
			projectRoot = "";
			targets = (
				5364EF742AC219A1009A8667 /* SportTimer */,
				53036D652AC898B1007FDF6D /* SessionStatusExtension */,
				5364EF882AC219A4009A8667 /* SportTimerTests */,
				5364EF922AC219A4009A8667 /* SportTimerUITests */,
			);
		};
/* End PBXProject section */

/* Begin PBXResourcesBuildPhase section */
		53036D642AC898B1007FDF6D /* Resources */ = {
			isa = PBXResourcesBuildPhase;
			buildActionMask = 2147483647;
			files = (
				53036D732AC898B2007FDF6D /* Assets.xcassets in Resources */,
			);
			runOnlyForDeploymentPostprocessing = 0;
		};
		5364EF732AC219A1009A8667 /* Resources */ = {
			isa = PBXResourcesBuildPhase;
			buildActionMask = 2147483647;
			files = (
				539E9F422AC775F6003CE2D1 /* ending.wav in Resources */,
				5364EF832AC219A4009A8667 /* Preview Assets.xcassets in Resources */,
				5364EF7F2AC219A4009A8667 /* Assets.xcassets in Resources */,
				539E9F442AC7764A003CE2D1 /* whistle.wav in Resources */,
			);
			runOnlyForDeploymentPostprocessing = 0;
		};
		5364EF872AC219A4009A8667 /* Resources */ = {
			isa = PBXResourcesBuildPhase;
			buildActionMask = 2147483647;
			files = (
			);
			runOnlyForDeploymentPostprocessing = 0;
		};
		5364EF912AC219A4009A8667 /* Resources */ = {
			isa = PBXResourcesBuildPhase;
			buildActionMask = 2147483647;
			files = (
			);
			runOnlyForDeploymentPostprocessing = 0;
		};
/* End PBXResourcesBuildPhase section */

/* Begin PBXSourcesBuildPhase section */
		53036D622AC898B1007FDF6D /* Sources */ = {
			isa = PBXSourcesBuildPhase;
			buildActionMask = 2147483647;
			files = (
				53036D6B2AC898B1007FDF6D /* SessionStatusBundle.swift in Sources */,
				53036D712AC898B1007FDF6D /* AppIntent.swift in Sources */,
				53036D6F2AC898B1007FDF6D /* SessionStatus.swift in Sources */,
				53036D6D2AC898B1007FDF6D /* SessionStatusLiveActivity.swift in Sources */,
			);
			runOnlyForDeploymentPostprocessing = 0;
		};
		5364EF712AC219A1009A8667 /* Sources */ = {
			isa = PBXSourcesBuildPhase;
			buildActionMask = 2147483647;
			files = (
				53DC623E2AC811A80001AB45 /* WorkTogether.swift in Sources */,
				539E9F3D2AC75477003CE2D1 /* SessionView.swift in Sources */,
				539E9F3F2AC7548D003CE2D1 /* SessionViewModel.swift in Sources */,
				53B0585C2AC8946900098D50 /* SessionStatusAttributes.swift in Sources */,
				5364EF7B2AC219A1009A8667 /* ContentView.swift in Sources */,
				539E9F4A2AC78065003CE2D1 /* Color.swift in Sources */,
				53DC5D882AC82E2A0022A6D6 /* SessionsListView.swift in Sources */,
				5364EF7D2AC219A1009A8667 /* Item.swift in Sources */,
				5364EF792AC219A1009A8667 /* SportTimerApp.swift in Sources */,
				53DC62402AC822970001AB45 /* TabNavigation.swift in Sources */,
				539E9F392AC75359003CE2D1 /* StepModeModel.swift in Sources */,
				539E9F472AC77FAD003CE2D1 /* SoundManager.swift in Sources */,
			);
			runOnlyForDeploymentPostprocessing = 0;
		};
		5364EF852AC219A4009A8667 /* Sources */ = {
			isa = PBXSourcesBuildPhase;
			buildActionMask = 2147483647;
			files = (
				5364EF8E2AC219A4009A8667 /* SportTimerTests.swift in Sources */,
			);
			runOnlyForDeploymentPostprocessing = 0;
		};
		5364EF8F2AC219A4009A8667 /* Sources */ = {
			isa = PBXSourcesBuildPhase;
			buildActionMask = 2147483647;
			files = (
				5364EF982AC219A4009A8667 /* SportTimerUITests.swift in Sources */,
				5364EF9A2AC219A4009A8667 /* SportTimerUITestsLaunchTests.swift in Sources */,
			);
			runOnlyForDeploymentPostprocessing = 0;
		};
/* End PBXSourcesBuildPhase section */

/* Begin PBXTargetDependency section */
		53036D762AC898B2007FDF6D /* PBXTargetDependency */ = {
			isa = PBXTargetDependency;
			target = 53036D652AC898B1007FDF6D /* SessionStatusExtension */;
			targetProxy = 53036D752AC898B2007FDF6D /* PBXContainerItemProxy */;
		};
		5364EF8B2AC219A4009A8667 /* PBXTargetDependency */ = {
			isa = PBXTargetDependency;
			target = 5364EF742AC219A1009A8667 /* SportTimer */;
			targetProxy = 5364EF8A2AC219A4009A8667 /* PBXContainerItemProxy */;
		};
		5364EF952AC219A4009A8667 /* PBXTargetDependency */ = {
			isa = PBXTargetDependency;
			target = 5364EF742AC219A1009A8667 /* SportTimer */;
			targetProxy = 5364EF942AC219A4009A8667 /* PBXContainerItemProxy */;
		};
/* End PBXTargetDependency section */

/* Begin XCBuildConfiguration section */
		53036D792AC898B2007FDF6D /* Debug */ = {
			isa = XCBuildConfiguration;
			buildSettings = {
				ASSETCATALOG_COMPILER_GLOBAL_ACCENT_COLOR_NAME = AccentColor;
				ASSETCATALOG_COMPILER_WIDGET_BACKGROUND_COLOR_NAME = WidgetBackground;
				CODE_SIGN_STYLE = Automatic;
				CURRENT_PROJECT_VERSION = 6;
				DEVELOPMENT_TEAM = 2G65FHL8TB;
				GENERATE_INFOPLIST_FILE = YES;
				INFOPLIST_FILE = SessionStatus/Info.plist;
				INFOPLIST_KEY_CFBundleDisplayName = SessionStatus;
				INFOPLIST_KEY_NSHumanReadableCopyright = "";
				IPHONEOS_DEPLOYMENT_TARGET = 17.0;
				LD_RUNPATH_SEARCH_PATHS = (
					"$(inherited)",
					"@executable_path/Frameworks",
					"@executable_path/../../Frameworks",
				);
				MARKETING_VERSION = 0.1;
				PRODUCT_BUNDLE_IDENTIFIER = com.dleegan.SportTimer.one.SessionStatus;
				PRODUCT_NAME = "$(TARGET_NAME)";
				SDKROOT = iphoneos;
				SKIP_INSTALL = YES;
				SWIFT_EMIT_LOC_STRINGS = YES;
				SWIFT_VERSION = 5.0;
				TARGETED_DEVICE_FAMILY = "1,2";
			};
			name = Debug;
		};
		53036D7A2AC898B2007FDF6D /* Release */ = {
			isa = XCBuildConfiguration;
			buildSettings = {
				ASSETCATALOG_COMPILER_GLOBAL_ACCENT_COLOR_NAME = AccentColor;
				ASSETCATALOG_COMPILER_WIDGET_BACKGROUND_COLOR_NAME = WidgetBackground;
				CODE_SIGN_STYLE = Automatic;
				CURRENT_PROJECT_VERSION = 6;
				DEVELOPMENT_TEAM = 2G65FHL8TB;
				GENERATE_INFOPLIST_FILE = YES;
				INFOPLIST_FILE = SessionStatus/Info.plist;
				INFOPLIST_KEY_CFBundleDisplayName = SessionStatus;
				INFOPLIST_KEY_NSHumanReadableCopyright = "";
				IPHONEOS_DEPLOYMENT_TARGET = 17.0;
				LD_RUNPATH_SEARCH_PATHS = (
					"$(inherited)",
					"@executable_path/Frameworks",
					"@executable_path/../../Frameworks",
				);
				MARKETING_VERSION = 0.1;
				PRODUCT_BUNDLE_IDENTIFIER = com.dleegan.SportTimer.one.SessionStatus;
				PRODUCT_NAME = "$(TARGET_NAME)";
				SDKROOT = iphoneos;
				SKIP_INSTALL = YES;
				SWIFT_EMIT_LOC_STRINGS = YES;
				SWIFT_VERSION = 5.0;
				TARGETED_DEVICE_FAMILY = "1,2";
				VALIDATE_PRODUCT = YES;
			};
			name = Release;
		};
		5364EF9B2AC219A4009A8667 /* Debug */ = {
			isa = XCBuildConfiguration;
			buildSettings = {
				ALWAYS_SEARCH_USER_PATHS = NO;
				ASSETCATALOG_COMPILER_GENERATE_SWIFT_ASSET_SYMBOL_EXTENSIONS = YES;
				CLANG_ANALYZER_NONNULL = YES;
				CLANG_ANALYZER_NUMBER_OBJECT_CONVERSION = YES_AGGRESSIVE;
				CLANG_CXX_LANGUAGE_STANDARD = "gnu++20";
				CLANG_ENABLE_MODULES = YES;
				CLANG_ENABLE_OBJC_ARC = YES;
				CLANG_ENABLE_OBJC_WEAK = YES;
				CLANG_WARN_BLOCK_CAPTURE_AUTORELEASING = YES;
				CLANG_WARN_BOOL_CONVERSION = YES;
				CLANG_WARN_COMMA = YES;
				CLANG_WARN_CONSTANT_CONVERSION = YES;
				CLANG_WARN_DEPRECATED_OBJC_IMPLEMENTATIONS = YES;
				CLANG_WARN_DIRECT_OBJC_ISA_USAGE = YES_ERROR;
				CLANG_WARN_DOCUMENTATION_COMMENTS = YES;
				CLANG_WARN_EMPTY_BODY = YES;
				CLANG_WARN_ENUM_CONVERSION = YES;
				CLANG_WARN_INFINITE_RECURSION = YES;
				CLANG_WARN_INT_CONVERSION = YES;
				CLANG_WARN_NON_LITERAL_NULL_CONVERSION = YES;
				CLANG_WARN_OBJC_IMPLICIT_RETAIN_SELF = YES;
				CLANG_WARN_OBJC_LITERAL_CONVERSION = YES;
				CLANG_WARN_OBJC_ROOT_CLASS = YES_ERROR;
				CLANG_WARN_QUOTED_INCLUDE_IN_FRAMEWORK_HEADER = YES;
				CLANG_WARN_RANGE_LOOP_ANALYSIS = YES;
				CLANG_WARN_STRICT_PROTOTYPES = YES;
				CLANG_WARN_SUSPICIOUS_MOVE = YES;
				CLANG_WARN_UNGUARDED_AVAILABILITY = YES_AGGRESSIVE;
				CLANG_WARN_UNREACHABLE_CODE = YES;
				CLANG_WARN__DUPLICATE_METHOD_MATCH = YES;
				COPY_PHASE_STRIP = NO;
				DEBUG_INFORMATION_FORMAT = dwarf;
				ENABLE_STRICT_OBJC_MSGSEND = YES;
				ENABLE_TESTABILITY = YES;
				ENABLE_USER_SCRIPT_SANDBOXING = YES;
				GCC_C_LANGUAGE_STANDARD = gnu17;
				GCC_DYNAMIC_NO_PIC = NO;
				GCC_NO_COMMON_BLOCKS = YES;
				GCC_OPTIMIZATION_LEVEL = 0;
				GCC_PREPROCESSOR_DEFINITIONS = (
					"DEBUG=1",
					"$(inherited)",
				);
				GCC_WARN_64_TO_32_BIT_CONVERSION = YES;
				GCC_WARN_ABOUT_RETURN_TYPE = YES_ERROR;
				GCC_WARN_UNDECLARED_SELECTOR = YES;
				GCC_WARN_UNINITIALIZED_AUTOS = YES_AGGRESSIVE;
				GCC_WARN_UNUSED_FUNCTION = YES;
				GCC_WARN_UNUSED_VARIABLE = YES;
				LOCALIZATION_PREFERS_STRING_CATALOGS = YES;
				MTL_ENABLE_DEBUG_INFO = INCLUDE_SOURCE;
				MTL_FAST_MATH = YES;
				ONLY_ACTIVE_ARCH = YES;
				SWIFT_ACTIVE_COMPILATION_CONDITIONS = "DEBUG $(inherited)";
				SWIFT_OPTIMIZATION_LEVEL = "-Onone";
			};
			name = Debug;
		};
		5364EF9C2AC219A4009A8667 /* Release */ = {
			isa = XCBuildConfiguration;
			buildSettings = {
				ALWAYS_SEARCH_USER_PATHS = NO;
				ASSETCATALOG_COMPILER_GENERATE_SWIFT_ASSET_SYMBOL_EXTENSIONS = YES;
				CLANG_ANALYZER_NONNULL = YES;
				CLANG_ANALYZER_NUMBER_OBJECT_CONVERSION = YES_AGGRESSIVE;
				CLANG_CXX_LANGUAGE_STANDARD = "gnu++20";
				CLANG_ENABLE_MODULES = YES;
				CLANG_ENABLE_OBJC_ARC = YES;
				CLANG_ENABLE_OBJC_WEAK = YES;
				CLANG_WARN_BLOCK_CAPTURE_AUTORELEASING = YES;
				CLANG_WARN_BOOL_CONVERSION = YES;
				CLANG_WARN_COMMA = YES;
				CLANG_WARN_CONSTANT_CONVERSION = YES;
				CLANG_WARN_DEPRECATED_OBJC_IMPLEMENTATIONS = YES;
				CLANG_WARN_DIRECT_OBJC_ISA_USAGE = YES_ERROR;
				CLANG_WARN_DOCUMENTATION_COMMENTS = YES;
				CLANG_WARN_EMPTY_BODY = YES;
				CLANG_WARN_ENUM_CONVERSION = YES;
				CLANG_WARN_INFINITE_RECURSION = YES;
				CLANG_WARN_INT_CONVERSION = YES;
				CLANG_WARN_NON_LITERAL_NULL_CONVERSION = YES;
				CLANG_WARN_OBJC_IMPLICIT_RETAIN_SELF = YES;
				CLANG_WARN_OBJC_LITERAL_CONVERSION = YES;
				CLANG_WARN_OBJC_ROOT_CLASS = YES_ERROR;
				CLANG_WARN_QUOTED_INCLUDE_IN_FRAMEWORK_HEADER = YES;
				CLANG_WARN_RANGE_LOOP_ANALYSIS = YES;
				CLANG_WARN_STRICT_PROTOTYPES = YES;
				CLANG_WARN_SUSPICIOUS_MOVE = YES;
				CLANG_WARN_UNGUARDED_AVAILABILITY = YES_AGGRESSIVE;
				CLANG_WARN_UNREACHABLE_CODE = YES;
				CLANG_WARN__DUPLICATE_METHOD_MATCH = YES;
				COPY_PHASE_STRIP = NO;
				DEBUG_INFORMATION_FORMAT = "dwarf-with-dsym";
				ENABLE_NS_ASSERTIONS = NO;
				ENABLE_STRICT_OBJC_MSGSEND = YES;
				ENABLE_USER_SCRIPT_SANDBOXING = YES;
				GCC_C_LANGUAGE_STANDARD = gnu17;
				GCC_NO_COMMON_BLOCKS = YES;
				GCC_WARN_64_TO_32_BIT_CONVERSION = YES;
				GCC_WARN_ABOUT_RETURN_TYPE = YES_ERROR;
				GCC_WARN_UNDECLARED_SELECTOR = YES;
				GCC_WARN_UNINITIALIZED_AUTOS = YES_AGGRESSIVE;
				GCC_WARN_UNUSED_FUNCTION = YES;
				GCC_WARN_UNUSED_VARIABLE = YES;
				LOCALIZATION_PREFERS_STRING_CATALOGS = YES;
				MTL_ENABLE_DEBUG_INFO = NO;
				MTL_FAST_MATH = YES;
				SWIFT_COMPILATION_MODE = wholemodule;
			};
			name = Release;
		};
		5364EF9E2AC219A4009A8667 /* Debug */ = {
			isa = XCBuildConfiguration;
			buildSettings = {
				ALWAYS_EMBED_SWIFT_STANDARD_LIBRARIES = YES;
				ASSETCATALOG_COMPILER_APPICON_NAME = AppIcon;
				ASSETCATALOG_COMPILER_GLOBAL_ACCENT_COLOR_NAME = AccentColor;
				CODE_SIGN_ENTITLEMENTS = SportTimer/SportTimer.entitlements;
				CODE_SIGN_STYLE = Automatic;
				CURRENT_PROJECT_VERSION = 6;
				DEVELOPMENT_ASSET_PATHS = "\"SportTimer/Preview Content\"";
				DEVELOPMENT_TEAM = 2G65FHL8TB;
				ENABLE_HARDENED_RUNTIME = YES;
				ENABLE_PREVIEWS = YES;
				GENERATE_INFOPLIST_FILE = YES;
				INFOPLIST_FILE = SportTimer/Info.plist;
				INFOPLIST_KEY_CFBundleDisplayName = SportTimer.one;
				INFOPLIST_KEY_LSApplicationCategoryType = "public.app-category.sports";
				INFOPLIST_KEY_NSSupportsLiveActivities = YES;
				"INFOPLIST_KEY_UIApplicationSceneManifest_Generation[sdk=iphoneos*]" = YES;
				"INFOPLIST_KEY_UIApplicationSceneManifest_Generation[sdk=iphonesimulator*]" = YES;
				"INFOPLIST_KEY_UIApplicationSupportsIndirectInputEvents[sdk=iphoneos*]" = YES;
				"INFOPLIST_KEY_UIApplicationSupportsIndirectInputEvents[sdk=iphonesimulator*]" = YES;
				"INFOPLIST_KEY_UILaunchScreen_Generation[sdk=iphoneos*]" = YES;
				"INFOPLIST_KEY_UILaunchScreen_Generation[sdk=iphonesimulator*]" = YES;
				"INFOPLIST_KEY_UIStatusBarStyle[sdk=iphoneos*]" = UIStatusBarStyleDefault;
				"INFOPLIST_KEY_UIStatusBarStyle[sdk=iphonesimulator*]" = UIStatusBarStyleDefault;
				INFOPLIST_KEY_UISupportedInterfaceOrientations = UIInterfaceOrientationPortrait;
				INFOPLIST_KEY_UISupportedInterfaceOrientations_iPad = "UIInterfaceOrientationLandscapeLeft UIInterfaceOrientationLandscapeRight UIInterfaceOrientationPortrait UIInterfaceOrientationPortraitUpsideDown";
				IPHONEOS_DEPLOYMENT_TARGET = 17.0;
				LD_RUNPATH_SEARCH_PATHS = "@executable_path/Frameworks";
				"LD_RUNPATH_SEARCH_PATHS[sdk=macosx*]" = "@executable_path/../Frameworks";
				MACOSX_DEPLOYMENT_TARGET = 14.0;
				MARKETING_VERSION = 0.1;
				PRODUCT_BUNDLE_IDENTIFIER = com.dleegan.SportTimer.one;
				PRODUCT_NAME = "$(TARGET_NAME)";
				SDKROOT = auto;
				SUPPORTED_PLATFORMS = "iphoneos iphonesimulator";
				SUPPORTS_MACCATALYST = NO;
				SWIFT_EMIT_LOC_STRINGS = YES;
				SWIFT_VERSION = 5.0;
				TARGETED_DEVICE_FAMILY = 1;
			};
			name = Debug;
		};
		5364EF9F2AC219A4009A8667 /* Release */ = {
			isa = XCBuildConfiguration;
			buildSettings = {
				ALWAYS_EMBED_SWIFT_STANDARD_LIBRARIES = YES;
				ASSETCATALOG_COMPILER_APPICON_NAME = AppIcon;
				ASSETCATALOG_COMPILER_GLOBAL_ACCENT_COLOR_NAME = AccentColor;
				CODE_SIGN_ENTITLEMENTS = SportTimer/SportTimer.entitlements;
				CODE_SIGN_STYLE = Automatic;
				CURRENT_PROJECT_VERSION = 6;
				DEVELOPMENT_ASSET_PATHS = "\"SportTimer/Preview Content\"";
				DEVELOPMENT_TEAM = 2G65FHL8TB;
				ENABLE_HARDENED_RUNTIME = YES;
				ENABLE_PREVIEWS = YES;
				GENERATE_INFOPLIST_FILE = YES;
				INFOPLIST_FILE = SportTimer/Info.plist;
				INFOPLIST_KEY_CFBundleDisplayName = SportTimer.one;
				INFOPLIST_KEY_LSApplicationCategoryType = "public.app-category.sports";
				INFOPLIST_KEY_NSSupportsLiveActivities = YES;
				"INFOPLIST_KEY_UIApplicationSceneManifest_Generation[sdk=iphoneos*]" = YES;
				"INFOPLIST_KEY_UIApplicationSceneManifest_Generation[sdk=iphonesimulator*]" = YES;
				"INFOPLIST_KEY_UIApplicationSupportsIndirectInputEvents[sdk=iphoneos*]" = YES;
				"INFOPLIST_KEY_UIApplicationSupportsIndirectInputEvents[sdk=iphonesimulator*]" = YES;
				"INFOPLIST_KEY_UILaunchScreen_Generation[sdk=iphoneos*]" = YES;
				"INFOPLIST_KEY_UILaunchScreen_Generation[sdk=iphonesimulator*]" = YES;
				"INFOPLIST_KEY_UIStatusBarStyle[sdk=iphoneos*]" = UIStatusBarStyleDefault;
				"INFOPLIST_KEY_UIStatusBarStyle[sdk=iphonesimulator*]" = UIStatusBarStyleDefault;
				INFOPLIST_KEY_UISupportedInterfaceOrientations = UIInterfaceOrientationPortrait;
				INFOPLIST_KEY_UISupportedInterfaceOrientations_iPad = "UIInterfaceOrientationLandscapeLeft UIInterfaceOrientationLandscapeRight UIInterfaceOrientationPortrait UIInterfaceOrientationPortraitUpsideDown";
				IPHONEOS_DEPLOYMENT_TARGET = 17.0;
				LD_RUNPATH_SEARCH_PATHS = "@executable_path/Frameworks";
				"LD_RUNPATH_SEARCH_PATHS[sdk=macosx*]" = "@executable_path/../Frameworks";
				MACOSX_DEPLOYMENT_TARGET = 14.0;
				MARKETING_VERSION = 0.1;
				PRODUCT_BUNDLE_IDENTIFIER = com.dleegan.SportTimer.one;
				PRODUCT_NAME = "$(TARGET_NAME)";
				SDKROOT = auto;
				SUPPORTED_PLATFORMS = "iphoneos iphonesimulator";
				SUPPORTS_MACCATALYST = NO;
				SWIFT_EMIT_LOC_STRINGS = YES;
				SWIFT_VERSION = 5.0;
				TARGETED_DEVICE_FAMILY = 1;
			};
			name = Release;
		};
		5364EFA12AC219A4009A8667 /* Debug */ = {
			isa = XCBuildConfiguration;
			buildSettings = {
				ALWAYS_EMBED_SWIFT_STANDARD_LIBRARIES = YES;
				BUNDLE_LOADER = "$(TEST_HOST)";
				CODE_SIGN_STYLE = Automatic;
				CURRENT_PROJECT_VERSION = 1;
				DEVELOPMENT_TEAM = 2G65FHL8TB;
				GENERATE_INFOPLIST_FILE = YES;
				IPHONEOS_DEPLOYMENT_TARGET = 17.0;
				MACOSX_DEPLOYMENT_TARGET = 14.0;
				MARKETING_VERSION = 1.0;
				PRODUCT_BUNDLE_IDENTIFIER = com.dleegan.SportTimerTests;
				PRODUCT_NAME = "$(TARGET_NAME)";
				SDKROOT = auto;
				SUPPORTED_PLATFORMS = "iphoneos iphonesimulator macosx";
				SWIFT_EMIT_LOC_STRINGS = NO;
				SWIFT_VERSION = 5.0;
				TARGETED_DEVICE_FAMILY = "1,2";
				TEST_HOST = "$(BUILT_PRODUCTS_DIR)/SportTimer.app/$(BUNDLE_EXECUTABLE_FOLDER_PATH)/SportTimer";
			};
			name = Debug;
		};
		5364EFA22AC219A4009A8667 /* Release */ = {
			isa = XCBuildConfiguration;
			buildSettings = {
				ALWAYS_EMBED_SWIFT_STANDARD_LIBRARIES = YES;
				BUNDLE_LOADER = "$(TEST_HOST)";
				CODE_SIGN_STYLE = Automatic;
				CURRENT_PROJECT_VERSION = 1;
				DEVELOPMENT_TEAM = 2G65FHL8TB;
				GENERATE_INFOPLIST_FILE = YES;
				IPHONEOS_DEPLOYMENT_TARGET = 17.0;
				MACOSX_DEPLOYMENT_TARGET = 14.0;
				MARKETING_VERSION = 1.0;
				PRODUCT_BUNDLE_IDENTIFIER = com.dleegan.SportTimerTests;
				PRODUCT_NAME = "$(TARGET_NAME)";
				SDKROOT = auto;
				SUPPORTED_PLATFORMS = "iphoneos iphonesimulator macosx";
				SWIFT_EMIT_LOC_STRINGS = NO;
				SWIFT_VERSION = 5.0;
				TARGETED_DEVICE_FAMILY = "1,2";
				TEST_HOST = "$(BUILT_PRODUCTS_DIR)/SportTimer.app/$(BUNDLE_EXECUTABLE_FOLDER_PATH)/SportTimer";
			};
			name = Release;
		};
		5364EFA42AC219A4009A8667 /* Debug */ = {
			isa = XCBuildConfiguration;
			buildSettings = {
				ALWAYS_EMBED_SWIFT_STANDARD_LIBRARIES = YES;
				CODE_SIGN_STYLE = Automatic;
				CURRENT_PROJECT_VERSION = 1;
				DEVELOPMENT_TEAM = 2G65FHL8TB;
				GENERATE_INFOPLIST_FILE = YES;
				IPHONEOS_DEPLOYMENT_TARGET = 17.0;
				MACOSX_DEPLOYMENT_TARGET = 14.0;
				MARKETING_VERSION = 1.0;
				PRODUCT_BUNDLE_IDENTIFIER = com.dleegan.SportTimerUITests;
				PRODUCT_NAME = "$(TARGET_NAME)";
				SDKROOT = auto;
				SUPPORTED_PLATFORMS = "iphoneos iphonesimulator macosx";
				SWIFT_EMIT_LOC_STRINGS = NO;
				SWIFT_VERSION = 5.0;
				TARGETED_DEVICE_FAMILY = "1,2";
				TEST_TARGET_NAME = SportTimer;
			};
			name = Debug;
		};
		5364EFA52AC219A4009A8667 /* Release */ = {
			isa = XCBuildConfiguration;
			buildSettings = {
				ALWAYS_EMBED_SWIFT_STANDARD_LIBRARIES = YES;
				CODE_SIGN_STYLE = Automatic;
				CURRENT_PROJECT_VERSION = 1;
				DEVELOPMENT_TEAM = 2G65FHL8TB;
				GENERATE_INFOPLIST_FILE = YES;
				IPHONEOS_DEPLOYMENT_TARGET = 17.0;
				MACOSX_DEPLOYMENT_TARGET = 14.0;
				MARKETING_VERSION = 1.0;
				PRODUCT_BUNDLE_IDENTIFIER = com.dleegan.SportTimerUITests;
				PRODUCT_NAME = "$(TARGET_NAME)";
				SDKROOT = auto;
				SUPPORTED_PLATFORMS = "iphoneos iphonesimulator macosx";
				SWIFT_EMIT_LOC_STRINGS = NO;
				SWIFT_VERSION = 5.0;
				TARGETED_DEVICE_FAMILY = "1,2";
				TEST_TARGET_NAME = SportTimer;
			};
			name = Release;
		};
/* End XCBuildConfiguration section */

/* Begin XCConfigurationList section */
		53036D782AC898B2007FDF6D /* Build configuration list for PBXNativeTarget "SessionStatusExtension" */ = {
			isa = XCConfigurationList;
			buildConfigurations = (
				53036D792AC898B2007FDF6D /* Debug */,
				53036D7A2AC898B2007FDF6D /* Release */,
			);
			defaultConfigurationIsVisible = 0;
			defaultConfigurationName = Release;
		};
		5364EF702AC219A1009A8667 /* Build configuration list for PBXProject "SportTimer" */ = {
			isa = XCConfigurationList;
			buildConfigurations = (
				5364EF9B2AC219A4009A8667 /* Debug */,
				5364EF9C2AC219A4009A8667 /* Release */,
			);
			defaultConfigurationIsVisible = 0;
			defaultConfigurationName = Release;
		};
		5364EF9D2AC219A4009A8667 /* Build configuration list for PBXNativeTarget "SportTimer" */ = {
			isa = XCConfigurationList;
			buildConfigurations = (
				5364EF9E2AC219A4009A8667 /* Debug */,
				5364EF9F2AC219A4009A8667 /* Release */,
			);
			defaultConfigurationIsVisible = 0;
			defaultConfigurationName = Release;
		};
		5364EFA02AC219A4009A8667 /* Build configuration list for PBXNativeTarget "SportTimerTests" */ = {
			isa = XCConfigurationList;
			buildConfigurations = (
				5364EFA12AC219A4009A8667 /* Debug */,
				5364EFA22AC219A4009A8667 /* Release */,
			);
			defaultConfigurationIsVisible = 0;
			defaultConfigurationName = Release;
		};
		5364EFA32AC219A4009A8667 /* Build configuration list for PBXNativeTarget "SportTimerUITests" */ = {
			isa = XCConfigurationList;
			buildConfigurations = (
				5364EFA42AC219A4009A8667 /* Debug */,
				5364EFA52AC219A4009A8667 /* Release */,
			);
			defaultConfigurationIsVisible = 0;
			defaultConfigurationName = Release;
		};
/* End XCConfigurationList section */
	};
	rootObject = 5364EF6D2AC219A1009A8667 /* Project object */;
}
